
Microsoft Visual Studio Solution File, Format Version 12.00
# Visual Studio 14
VisualStudioVersion = 14.0.25123.0
MinimumVisualStudioVersion = 10.0.40219.1
Project("{FAE04EC0-301F-11D3-BF4B-00C04F79EFBC}") = "HailStateTennis.Droid", "HailStateTennis\HailStateTennis.Droid\HailStateTennis.Droid.csproj", "{8934B679-F423-4030-AC4F-C36AD1071DEA}"
EndProject
Project("{FAE04EC0-301F-11D3-BF4B-00C04F79EFBC}") = "HailStateTennis.iOS", "HailStateTennis\HailStateTennis.iOS\HailStateTennis.iOS.csproj", "{01AC2C79-89B4-4608-A677-E954D21E9CF1}"
EndProject
Project("{FAE04EC0-301F-11D3-BF4B-00C04F79EFBC}") = "HailStateTennis.UWP", "HailStateTennis\HailStateTennis.UWP\HailStateTennis.UWP.csproj", "{2A479DAE-9BD9-4BD1-A700-1E07057D9E67}"
EndProject
Project("{FAE04EC0-301F-11D3-BF4B-00C04F79EFBC}") = "HailStateTennis", "HailStateTennis\HailStateTennis\HailStateTennis.csproj", "{F9721E01-0F88-41BA-8B8C-1E44FE006445}"
EndProject
Project("{FAE04EC0-301F-11D3-BF4B-00C04F79EFBC}") = "UITest1", "UITest1\UITest1.csproj", "{722FD0F7-7D84-49B6-8461-7BBC1A514A90}"
EndProject
Global
	GlobalSection(SolutionConfigurationPlatforms) = preSolution
		Ad-Hoc|Any CPU = Ad-Hoc|Any CPU
		Ad-Hoc|ARM = Ad-Hoc|ARM
		Ad-Hoc|iPhone = Ad-Hoc|iPhone
		Ad-Hoc|iPhoneSimulator = Ad-Hoc|iPhoneSimulator
		Ad-Hoc|x64 = Ad-Hoc|x64
		Ad-Hoc|x86 = Ad-Hoc|x86
		AppStore|Any CPU = AppStore|Any CPU
		AppStore|ARM = AppStore|ARM
		AppStore|iPhone = AppStore|iPhone
		AppStore|iPhoneSimulator = AppStore|iPhoneSimulator
		AppStore|x64 = AppStore|x64
		AppStore|x86 = AppStore|x86
		Debug|Any CPU = Debug|Any CPU
		Debug|ARM = Debug|ARM
		Debug|iPhone = Debug|iPhone
		Debug|iPhoneSimulator = Debug|iPhoneSimulator
		Debug|x64 = Debug|x64
		Debug|x86 = Debug|x86
		Release|Any CPU = Release|Any CPU
		Release|ARM = Release|ARM
		Release|iPhone = Release|iPhone
		Release|iPhoneSimulator = Release|iPhoneSimulator
		Release|x64 = Release|x64
		Release|x86 = Release|x86
	EndGlobalSection
	GlobalSection(ProjectConfigurationPlatforms) = postSolution
		{8934B679-F423-4030-AC4F-C36AD1071DEA}.Ad-Hoc|Any CPU.ActiveCfg = Release|Any CPU
		{8934B679-F423-4030-AC4F-C36AD1071DEA}.Ad-Hoc|Any CPU.Build.0 = Release|Any CPU
		{8934B679-F423-4030-AC4F-C36AD1071DEA}.Ad-Hoc|Any CPU.Deploy.0 = Release|Any CPU
		{8934B679-F423-4030-AC4F-C36AD1071DEA}.Ad-Hoc|ARM.ActiveCfg = Release|Any CPU
		{8934B679-F423-4030-AC4F-C36AD1071DEA}.Ad-Hoc|ARM.Build.0 = Release|Any CPU
		{8934B679-F423-4030-AC4F-C36AD1071DEA}.Ad-Hoc|ARM.Deploy.0 = Release|Any CPU
		{8934B679-F423-4030-AC4F-C36AD1071DEA}.Ad-Hoc|iPhone.ActiveCfg = Release|Any CPU
		{8934B679-F423-4030-AC4F-C36AD1071DEA}.Ad-Hoc|iPhone.Build.0 = Release|Any CPU
		{8934B679-F423-4030-AC4F-C36AD1071DEA}.Ad-Hoc|iPhone.Deploy.0 = Release|Any CPU
		{8934B679-F423-4030-AC4F-C36AD1071DEA}.Ad-Hoc|iPhoneSimulator.ActiveCfg = Release|Any CPU
		{8934B679-F423-4030-AC4F-C36AD1071DEA}.Ad-Hoc|iPhoneSimulator.Build.0 = Release|Any CPU
		{8934B679-F423-4030-AC4F-C36AD1071DEA}.Ad-Hoc|iPhoneSimulator.Deploy.0 = Release|Any CPU
		{8934B679-F423-4030-AC4F-C36AD1071DEA}.Ad-Hoc|x64.ActiveCfg = Release|Any CPU
		{8934B679-F423-4030-AC4F-C36AD1071DEA}.Ad-Hoc|x64.Build.0 = Release|Any CPU
		{8934B679-F423-4030-AC4F-C36AD1071DEA}.Ad-Hoc|x64.Deploy.0 = Release|Any CPU
		{8934B679-F423-4030-AC4F-C36AD1071DEA}.Ad-Hoc|x86.ActiveCfg = Release|Any CPU
		{8934B679-F423-4030-AC4F-C36AD1071DEA}.Ad-Hoc|x86.Build.0 = Release|Any CPU
		{8934B679-F423-4030-AC4F-C36AD1071DEA}.Ad-Hoc|x86.Deploy.0 = Release|Any CPU
		{8934B679-F423-4030-AC4F-C36AD1071DEA}.AppStore|Any CPU.ActiveCfg = Release|Any CPU
		{8934B679-F423-4030-AC4F-C36AD1071DEA}.AppStore|Any CPU.Build.0 = Release|Any CPU
		{8934B679-F423-4030-AC4F-C36AD1071DEA}.AppStore|Any CPU.Deploy.0 = Release|Any CPU
		{8934B679-F423-4030-AC4F-C36AD1071DEA}.AppStore|ARM.ActiveCfg = Release|Any CPU
		{8934B679-F423-4030-AC4F-C36AD1071DEA}.AppStore|ARM.Build.0 = Release|Any CPU
		{8934B679-F423-4030-AC4F-C36AD1071DEA}.AppStore|ARM.Deploy.0 = Release|Any CPU
		{8934B679-F423-4030-AC4F-C36AD1071DEA}.AppStore|iPhone.ActiveCfg = Release|Any CPU
		{8934B679-F423-4030-AC4F-C36AD1071DEA}.AppStore|iPhone.Build.0 = Release|Any CPU
		{8934B679-F423-4030-AC4F-C36AD1071DEA}.AppStore|iPhone.Deploy.0 = Release|Any CPU
		{8934B679-F423-4030-AC4F-C36AD1071DEA}.AppStore|iPhoneSimulator.ActiveCfg = Release|Any CPU
		{8934B679-F423-4030-AC4F-C36AD1071DEA}.AppStore|iPhoneSimulator.Build.0 = Release|Any CPU
		{8934B679-F423-4030-AC4F-C36AD1071DEA}.AppStore|iPhoneSimulator.Deploy.0 = Release|Any CPU
		{8934B679-F423-4030-AC4F-C36AD1071DEA}.AppStore|x64.ActiveCfg = Release|Any CPU
		{8934B679-F423-4030-AC4F-C36AD1071DEA}.AppStore|x64.Build.0 = Release|Any CPU
		{8934B679-F423-4030-AC4F-C36AD1071DEA}.AppStore|x64.Deploy.0 = Release|Any CPU
		{8934B679-F423-4030-AC4F-C36AD1071DEA}.AppStore|x86.ActiveCfg = Release|Any CPU
		{8934B679-F423-4030-AC4F-C36AD1071DEA}.AppStore|x86.Build.0 = Release|Any CPU
		{8934B679-F423-4030-AC4F-C36AD1071DEA}.AppStore|x86.Deploy.0 = Release|Any CPU
		{8934B679-F423-4030-AC4F-C36AD1071DEA}.Debug|Any CPU.ActiveCfg = Debug|Any CPU
		{8934B679-F423-4030-AC4F-C36AD1071DEA}.Debug|Any CPU.Build.0 = Debug|Any CPU
		{8934B679-F423-4030-AC4F-C36AD1071DEA}.Debug|Any CPU.Deploy.0 = Debug|Any CPU
		{8934B679-F423-4030-AC4F-C36AD1071DEA}.Debug|ARM.ActiveCfg = Debug|Any CPU
		{8934B679-F423-4030-AC4F-C36AD1071DEA}.Debug|ARM.Build.0 = Debug|Any CPU
		{8934B679-F423-4030-AC4F-C36AD1071DEA}.Debug|ARM.Deploy.0 = Debug|Any CPU
		{8934B679-F423-4030-AC4F-C36AD1071DEA}.Debug|iPhone.ActiveCfg = Debug|Any CPU
		{8934B679-F423-4030-AC4F-C36AD1071DEA}.Debug|iPhone.Build.0 = Debug|Any CPU
		{8934B679-F423-4030-AC4F-C36AD1071DEA}.Debug|iPhone.Deploy.0 = Debug|Any CPU
		{8934B679-F423-4030-AC4F-C36AD1071DEA}.Debug|iPhoneSimulator.ActiveCfg = Debug|Any CPU
		{8934B679-F423-4030-AC4F-C36AD1071DEA}.Debug|iPhoneSimulator.Build.0 = Debug|Any CPU
		{8934B679-F423-4030-AC4F-C36AD1071DEA}.Debug|iPhoneSimulator.Deploy.0 = Debug|Any CPU
		{8934B679-F423-4030-AC4F-C36AD1071DEA}.Debug|x64.ActiveCfg = Debug|Any CPU
		{8934B679-F423-4030-AC4F-C36AD1071DEA}.Debug|x64.Build.0 = Debug|Any CPU
		{8934B679-F423-4030-AC4F-C36AD1071DEA}.Debug|x64.Deploy.0 = Debug|Any CPU
		{8934B679-F423-4030-AC4F-C36AD1071DEA}.Debug|x86.ActiveCfg = Debug|Any CPU
		{8934B679-F423-4030-AC4F-C36AD1071DEA}.Debug|x86.Build.0 = Debug|Any CPU
		{8934B679-F423-4030-AC4F-C36AD1071DEA}.Debug|x86.Deploy.0 = Debug|Any CPU
		{8934B679-F423-4030-AC4F-C36AD1071DEA}.Release|Any CPU.ActiveCfg = Release|Any CPU
		{8934B679-F423-4030-AC4F-C36AD1071DEA}.Release|Any CPU.Build.0 = Release|Any CPU
		{8934B679-F423-4030-AC4F-C36AD1071DEA}.Release|Any CPU.Deploy.0 = Release|Any CPU
		{8934B679-F423-4030-AC4F-C36AD1071DEA}.Release|ARM.ActiveCfg = Release|Any CPU
		{8934B679-F423-4030-AC4F-C36AD1071DEA}.Release|ARM.Build.0 = Release|Any CPU
		{8934B679-F423-4030-AC4F-C36AD1071DEA}.Release|ARM.Deploy.0 = Release|Any CPU
		{8934B679-F423-4030-AC4F-C36AD1071DEA}.Release|iPhone.ActiveCfg = Release|Any CPU
		{8934B679-F423-4030-AC4F-C36AD1071DEA}.Release|iPhone.Build.0 = Release|Any CPU
		{8934B679-F423-4030-AC4F-C36AD1071DEA}.Release|iPhone.Deploy.0 = Release|Any CPU
		{8934B679-F423-4030-AC4F-C36AD1071DEA}.Release|iPhoneSimulator.ActiveCfg = Release|Any CPU
		{8934B679-F423-4030-AC4F-C36AD1071DEA}.Release|iPhoneSimulator.Build.0 = Release|Any CPU
		{8934B679-F423-4030-AC4F-C36AD1071DEA}.Release|iPhoneSimulator.Deploy.0 = Release|Any CPU
		{8934B679-F423-4030-AC4F-C36AD1071DEA}.Release|x64.ActiveCfg = Release|Any CPU
		{8934B679-F423-4030-AC4F-C36AD1071DEA}.Release|x64.Build.0 = Release|Any CPU
		{8934B679-F423-4030-AC4F-C36AD1071DEA}.Release|x64.Deploy.0 = Release|Any CPU
		{8934B679-F423-4030-AC4F-C36AD1071DEA}.Release|x86.ActiveCfg = Release|Any CPU
		{8934B679-F423-4030-AC4F-C36AD1071DEA}.Release|x86.Build.0 = Release|Any CPU
		{8934B679-F423-4030-AC4F-C36AD1071DEA}.Release|x86.Deploy.0 = Release|Any CPU
		{01AC2C79-89B4-4608-A677-E954D21E9CF1}.Ad-Hoc|Any CPU.ActiveCfg = Ad-Hoc|iPhone
		{01AC2C79-89B4-4608-A677-E954D21E9CF1}.Ad-Hoc|ARM.ActiveCfg = Ad-Hoc|iPhone
		{01AC2C79-89B4-4608-A677-E954D21E9CF1}.Ad-Hoc|iPhone.ActiveCfg = Ad-Hoc|iPhone
		{01AC2C79-89B4-4608-A677-E954D21E9CF1}.Ad-Hoc|iPhone.Build.0 = Ad-Hoc|iPhone
		{01AC2C79-89B4-4608-A677-E954D21E9CF1}.Ad-Hoc|iPhoneSimulator.ActiveCfg = Ad-Hoc|iPhoneSimulator
		{01AC2C79-89B4-4608-A677-E954D21E9CF1}.Ad-Hoc|iPhoneSimulator.Build.0 = Ad-Hoc|iPhoneSimulator
		{01AC2C79-89B4-4608-A677-E954D21E9CF1}.Ad-Hoc|x64.ActiveCfg = Ad-Hoc|iPhone
		{01AC2C79-89B4-4608-A677-E954D21E9CF1}.Ad-Hoc|x86.ActiveCfg = Ad-Hoc|iPhone
		{01AC2C79-89B4-4608-A677-E954D21E9CF1}.AppStore|Any CPU.ActiveCfg = AppStore|iPhone
		{01AC2C79-89B4-4608-A677-E954D21E9CF1}.AppStore|ARM.ActiveCfg = AppStore|iPhone
		{01AC2C79-89B4-4608-A677-E954D21E9CF1}.AppStore|iPhone.ActiveCfg = AppStore|iPhone
		{01AC2C79-89B4-4608-A677-E954D21E9CF1}.AppStore|iPhone.Build.0 = AppStore|iPhone
		{01AC2C79-89B4-4608-A677-E954D21E9CF1}.AppStore|iPhoneSimulator.ActiveCfg = AppStore|iPhoneSimulator
		{01AC2C79-89B4-4608-A677-E954D21E9CF1}.AppStore|iPhoneSimulator.Build.0 = AppStore|iPhoneSimulator
		{01AC2C79-89B4-4608-A677-E954D21E9CF1}.AppStore|x64.ActiveCfg = AppStore|iPhone
		{01AC2C79-89B4-4608-A677-E954D21E9CF1}.AppStore|x86.ActiveCfg = AppStore|iPhone
		{01AC2C79-89B4-4608-A677-E954D21E9CF1}.Debug|Any CPU.ActiveCfg = Debug|iPhone
		{01AC2C79-89B4-4608-A677-E954D21E9CF1}.Debug|ARM.ActiveCfg = Debug|iPhone
		{01AC2C79-89B4-4608-A677-E954D21E9CF1}.Debug|iPhone.ActiveCfg = Debug|iPhone
		{01AC2C79-89B4-4608-A677-E954D21E9CF1}.Debug|iPhone.Build.0 = Debug|iPhone
		{01AC2C79-89B4-4608-A677-E954D21E9CF1}.Debug|iPhoneSimulator.ActiveCfg = Debug|iPhoneSimulator
		{01AC2C79-89B4-4608-A677-E954D21E9CF1}.Debug|iPhoneSimulator.Build.0 = Debug|iPhoneSimulator
		{01AC2C79-89B4-4608-A677-E954D21E9CF1}.Debug|x64.ActiveCfg = Debug|iPhone
		{01AC2C79-89B4-4608-A677-E954D21E9CF1}.Debug|x86.ActiveCfg = Debug|iPhone
		{01AC2C79-89B4-4608-A677-E954D21E9CF1}.Release|Any CPU.ActiveCfg = Release|iPhone
		{01AC2C79-89B4-4608-A677-E954D21E9CF1}.Release|ARM.ActiveCfg = Release|iPhone
		{01AC2C79-89B4-4608-A677-E954D21E9CF1}.Release|iPhone.ActiveCfg = Release|iPhone
		{01AC2C79-89B4-4608-A677-E954D21E9CF1}.Release|iPhone.Build.0 = Release|iPhone
		{01AC2C79-89B4-4608-A677-E954D21E9CF1}.Release|iPhoneSimulator.ActiveCfg = Release|iPhoneSimulator
		{01AC2C79-89B4-4608-A677-E954D21E9CF1}.Release|iPhoneSimulator.Build.0 = Release|iPhoneSimulator
		{01AC2C79-89B4-4608-A677-E954D21E9CF1}.Release|x64.ActiveCfg = Release|iPhone
		{01AC2C79-89B4-4608-A677-E954D21E9CF1}.Release|x86.ActiveCfg = Release|iPhone
		{2A479DAE-9BD9-4BD1-A700-1E07057D9E67}.Ad-Hoc|Any CPU.ActiveCfg = Release|x86
		{2A479DAE-9BD9-4BD1-A700-1E07057D9E67}.Ad-Hoc|Any CPU.Build.0 = Release|x86
		{2A479DAE-9BD9-4BD1-A700-1E07057D9E67}.Ad-Hoc|Any CPU.Deploy.0 = Release|x86
		{2A479DAE-9BD9-4BD1-A700-1E07057D9E67}.Ad-Hoc|ARM.ActiveCfg = Release|ARM
		{2A479DAE-9BD9-4BD1-A700-1E07057D9E67}.Ad-Hoc|ARM.Build.0 = Release|ARM
		{2A479DAE-9BD9-4BD1-A700-1E07057D9E67}.Ad-Hoc|ARM.Deploy.0 = Release|ARM
		{2A479DAE-9BD9-4BD1-A700-1E07057D9E67}.Ad-Hoc|iPhone.ActiveCfg = Release|x86
		{2A479DAE-9BD9-4BD1-A700-1E07057D9E67}.Ad-Hoc|iPhone.Build.0 = Release|x86
		{2A479DAE-9BD9-4BD1-A700-1E07057D9E67}.Ad-Hoc|iPhone.Deploy.0 = Release|x86
		{2A479DAE-9BD9-4BD1-A700-1E07057D9E67}.Ad-Hoc|iPhoneSimulator.ActiveCfg = Release|x86
		{2A479DAE-9BD9-4BD1-A700-1E07057D9E67}.Ad-Hoc|iPhoneSimulator.Build.0 = Release|x86
		{2A479DAE-9BD9-4BD1-A700-1E07057D9E67}.Ad-Hoc|iPhoneSimulator.Deploy.0 = Release|x86
		{2A479DAE-9BD9-4BD1-A700-1E07057D9E67}.Ad-Hoc|x64.ActiveCfg = Release|x64
		{2A479DAE-9BD9-4BD1-A700-1E07057D9E67}.Ad-Hoc|x64.Build.0 = Release|x64
		{2A479DAE-9BD9-4BD1-A700-1E07057D9E67}.Ad-Hoc|x64.Deploy.0 = Release|x64
		{2A479DAE-9BD9-4BD1-A700-1E07057D9E67}.Ad-Hoc|x86.ActiveCfg = Release|x86
		{2A479DAE-9BD9-4BD1-A700-1E07057D9E67}.Ad-Hoc|x86.Build.0 = Release|x86
		{2A479DAE-9BD9-4BD1-A700-1E07057D9E67}.Ad-Hoc|x86.Deploy.0 = Release|x86
		{2A479DAE-9BD9-4BD1-A700-1E07057D9E67}.AppStore|Any CPU.ActiveCfg = Release|x86
		{2A479DAE-9BD9-4BD1-A700-1E07057D9E67}.AppStore|Any CPU.Build.0 = Release|x86
		{2A479DAE-9BD9-4BD1-A700-1E07057D9E67}.AppStore|Any CPU.Deploy.0 = Release|x86
		{2A479DAE-9BD9-4BD1-A700-1E07057D9E67}.AppStore|ARM.ActiveCfg = Release|ARM
		{2A479DAE-9BD9-4BD1-A700-1E07057D9E67}.AppStore|ARM.Build.0 = Release|ARM
		{2A479DAE-9BD9-4BD1-A700-1E07057D9E67}.AppStore|ARM.Deploy.0 = Release|ARM
		{2A479DAE-9BD9-4BD1-A700-1E07057D9E67}.AppStore|iPhone.ActiveCfg = Release|x86
		{2A479DAE-9BD9-4BD1-A700-1E07057D9E67}.AppStore|iPhone.Build.0 = Release|x86
		{2A479DAE-9BD9-4BD1-A700-1E07057D9E67}.AppStore|iPhone.Deploy.0 = Release|x86
		{2A479DAE-9BD9-4BD1-A700-1E07057D9E67}.AppStore|iPhoneSimulator.ActiveCfg = Release|x86
		{2A479DAE-9BD9-4BD1-A700-1E07057D9E67}.AppStore|iPhoneSimulator.Build.0 = Release|x86
		{2A479DAE-9BD9-4BD1-A700-1E07057D9E67}.AppStore|iPhoneSimulator.Deploy.0 = Release|x86
		{2A479DAE-9BD9-4BD1-A700-1E07057D9E67}.AppStore|x64.ActiveCfg = Release|x64
		{2A479DAE-9BD9-4BD1-A700-1E07057D9E67}.AppStore|x64.Build.0 = Release|x64
		{2A479DAE-9BD9-4BD1-A700-1E07057D9E67}.AppStore|x64.Deploy.0 = Release|x64
		{2A479DAE-9BD9-4BD1-A700-1E07057D9E67}.AppStore|x86.ActiveCfg = Release|x86
		{2A479DAE-9BD9-4BD1-A700-1E07057D9E67}.AppStore|x86.Build.0 = Release|x86
		{2A479DAE-9BD9-4BD1-A700-1E07057D9E67}.AppStore|x86.Deploy.0 = Release|x86
		{2A479DAE-9BD9-4BD1-A700-1E07057D9E67}.Debug|Any CPU.ActiveCfg = Debug|x86
		{2A479DAE-9BD9-4BD1-A700-1E07057D9E67}.Debug|ARM.ActiveCfg = Debug|ARM
		{2A479DAE-9BD9-4BD1-A700-1E07057D9E67}.Debug|ARM.Build.0 = Debug|ARM
		{2A479DAE-9BD9-4BD1-A700-1E07057D9E67}.Debug|ARM.Deploy.0 = Debug|ARM
		{2A479DAE-9BD9-4BD1-A700-1E07057D9E67}.Debug|iPhone.ActiveCfg = Debug|x86
		{2A479DAE-9BD9-4BD1-A700-1E07057D9E67}.Debug|iPhoneSimulator.ActiveCfg = Debug|x86
		{2A479DAE-9BD9-4BD1-A700-1E07057D9E67}.Debug|x64.ActiveCfg = Debug|x64
		{2A479DAE-9BD9-4BD1-A700-1E07057D9E67}.Debug|x64.Build.0 = Debug|x64
		{2A479DAE-9BD9-4BD1-A700-1E07057D9E67}.Debug|x64.Deploy.0 = Debug|x64
		{2A479DAE-9BD9-4BD1-A700-1E07057D9E67}.Debug|x86.ActiveCfg = Debug|x86
		{2A479DAE-9BD9-4BD1-A700-1E07057D9E67}.Debug|x86.Build.0 = Debug|x86
		{2A479DAE-9BD9-4BD1-A700-1E07057D9E67}.Debug|x86.Deploy.0 = Debug|x86
		{2A479DAE-9BD9-4BD1-A700-1E07057D9E67}.Release|Any CPU.ActiveCfg = Release|x86
		{2A479DAE-9BD9-4BD1-A700-1E07057D9E67}.Release|ARM.ActiveCfg = Release|ARM
		{2A479DAE-9BD9-4BD1-A700-1E07057D9E67}.Release|ARM.Build.0 = Release|ARM
		{2A479DAE-9BD9-4BD1-A700-1E07057D9E67}.Release|ARM.Deploy.0 = Release|ARM
		{2A479DAE-9BD9-4BD1-A700-1E07057D9E67}.Release|iPhone.ActiveCfg = Release|x86
		{2A479DAE-9BD9-4BD1-A700-1E07057D9E67}.Release|iPhoneSimulator.ActiveCfg = Release|x86
		{2A479DAE-9BD9-4BD1-A700-1E07057D9E67}.Release|x64.ActiveCfg = Release|x64
		{2A479DAE-9BD9-4BD1-A700-1E07057D9E67}.Release|x64.Build.0 = Release|x64
		{2A479DAE-9BD9-4BD1-A700-1E07057D9E67}.Release|x64.Deploy.0 = Release|x64
		{2A479DAE-9BD9-4BD1-A700-1E07057D9E67}.Release|x86.ActiveCfg = Release|x86
		{2A479DAE-9BD9-4BD1-A700-1E07057D9E67}.Release|x86.Build.0 = Release|x86
		{2A479DAE-9BD9-4BD1-A700-1E07057D9E67}.Release|x86.Deploy.0 = Release|x86
		{F9721E01-0F88-41BA-8B8C-1E44FE006445}.Ad-Hoc|Any CPU.ActiveCfg = Release|Any CPU
		{F9721E01-0F88-41BA-8B8C-1E44FE006445}.Ad-Hoc|Any CPU.Build.0 = Release|Any CPU
		{F9721E01-0F88-41BA-8B8C-1E44FE006445}.Ad-Hoc|ARM.ActiveCfg = Release|Any CPU
		{F9721E01-0F88-41BA-8B8C-1E44FE006445}.Ad-Hoc|ARM.Build.0 = Release|Any CPU
		{F9721E01-0F88-41BA-8B8C-1E44FE006445}.Ad-Hoc|iPhone.ActiveCfg = Release|Any CPU
		{F9721E01-0F88-41BA-8B8C-1E44FE006445}.Ad-Hoc|iPhone.Build.0 = Release|Any CPU
		{F9721E01-0F88-41BA-8B8C-1E44FE006445}.Ad-Hoc|iPhoneSimulator.ActiveCfg = Release|Any CPU
		{F9721E01-0F88-41BA-8B8C-1E44FE006445}.Ad-Hoc|iPhoneSimulator.Build.0 = Release|Any CPU
		{F9721E01-0F88-41BA-8B8C-1E44FE006445}.Ad-Hoc|x64.ActiveCfg = Release|Any CPU
		{F9721E01-0F88-41BA-8B8C-1E44FE006445}.Ad-Hoc|x64.Build.0 = Release|Any CPU
		{F9721E01-0F88-41BA-8B8C-1E44FE006445}.Ad-Hoc|x86.ActiveCfg = Release|Any CPU
		{F9721E01-0F88-41BA-8B8C-1E44FE006445}.Ad-Hoc|x86.Build.0 = Release|Any CPU
		{F9721E01-0F88-41BA-8B8C-1E44FE006445}.AppStore|Any CPU.ActiveCfg = Release|Any CPU
		{F9721E01-0F88-41BA-8B8C-1E44FE006445}.AppStore|Any CPU.Build.0 = Release|Any CPU
		{F9721E01-0F88-41BA-8B8C-1E44FE006445}.AppStore|ARM.ActiveCfg = Release|Any CPU
		{F9721E01-0F88-41BA-8B8C-1E44FE006445}.AppStore|ARM.Build.0 = Release|Any CPU
		{F9721E01-0F88-41BA-8B8C-1E44FE006445}.AppStore|iPhone.ActiveCfg = Release|Any CPU
		{F9721E01-0F88-41BA-8B8C-1E44FE006445}.AppStore|iPhone.Build.0 = Release|Any CPU
		{F9721E01-0F88-41BA-8B8C-1E44FE006445}.AppStore|iPhoneSimulator.ActiveCfg = Release|Any CPU
		{F9721E01-0F88-41BA-8B8C-1E44FE006445}.AppStore|iPhoneSimulator.Build.0 = Release|Any CPU
		{F9721E01-0F88-41BA-8B8C-1E44FE006445}.AppStore|x64.ActiveCfg = Release|Any CPU
		{F9721E01-0F88-41BA-8B8C-1E44FE006445}.AppStore|x64.Build.0 = Release|Any CPU
		{F9721E01-0F88-41BA-8B8C-1E44FE006445}.AppStore|x86.ActiveCfg = Release|Any CPU
		{F9721E01-0F88-41BA-8B8C-1E44FE006445}.AppStore|x86.Build.0 = Release|Any CPU
		{F9721E01-0F88-41BA-8B8C-1E44FE006445}.Debug|Any CPU.ActiveCfg = Debug|Any CPU
		{F9721E01-0F88-41BA-8B8C-1E44FE006445}.Debug|Any CPU.Build.0 = Debug|Any CPU
		{F9721E01-0F88-41BA-8B8C-1E44FE006445}.Debug|ARM.ActiveCfg = Debug|Any CPU
		{F9721E01-0F88-41BA-8B8C-1E44FE006445}.Debug|ARM.Build.0 = Debug|Any CPU
		{F9721E01-0F88-41BA-8B8C-1E44FE006445}.Debug|iPhone.ActiveCfg = Debug|Any CPU
		{F9721E01-0F88-41BA-8B8C-1E44FE006445}.Debug|iPhone.Build.0 = Debug|Any CPU
		{F9721E01-0F88-41BA-8B8C-1E44FE006445}.Debug|iPhoneSimulator.ActiveCfg = Debug|Any CPU
		{F9721E01-0F88-41BA-8B8C-1E44FE006445}.Debug|iPhoneSimulator.Build.0 = Debug|Any CPU
		{F9721E01-0F88-41BA-8B8C-1E44FE006445}.Debug|x64.ActiveCfg = Debug|Any CPU
		{F9721E01-0F88-41BA-8B8C-1E44FE006445}.Debug|x64.Build.0 = Debug|Any CPU
		{F9721E01-0F88-41BA-8B8C-1E44FE006445}.Debug|x86.ActiveCfg = Debug|Any CPU
		{F9721E01-0F88-41BA-8B8C-1E44FE006445}.Debug|x86.Build.0 = Debug|Any CPU
		{F9721E01-0F88-41BA-8B8C-1E44FE006445}.Release|Any CPU.ActiveCfg = Release|Any CPU
		{F9721E01-0F88-41BA-8B8C-1E44FE006445}.Release|Any CPU.Build.0 = Release|Any CPU
		{F9721E01-0F88-41BA-8B8C-1E44FE006445}.Release|ARM.ActiveCfg = Release|Any CPU
		{F9721E01-0F88-41BA-8B8C-1E44FE006445}.Release|ARM.Build.0 = Release|Any CPU
		{F9721E01-0F88-41BA-8B8C-1E44FE006445}.Release|iPhone.ActiveCfg = Release|Any CPU
		{F9721E01-0F88-41BA-8B8C-1E44FE006445}.Release|iPhone.Build.0 = Release|Any CPU
		{F9721E01-0F88-41BA-8B8C-1E44FE006445}.Release|iPhoneSimulator.ActiveCfg = Release|Any CPU
		{F9721E01-0F88-41BA-8B8C-1E44FE006445}.Release|iPhoneSimulator.Build.0 = Release|Any CPU
		{F9721E01-0F88-41BA-8B8C-1E44FE006445}.Release|x64.ActiveCfg = Release|Any CPU
		{F9721E01-0F88-41BA-8B8C-1E44FE006445}.Release|x64.Build.0 = Release|Any CPU
		{F9721E01-0F88-41BA-8B8C-1E44FE006445}.Release|x86.ActiveCfg = Release|Any CPU
		{F9721E01-0F88-41BA-8B8C-1E44FE006445}.Release|x86.Build.0 = Release|Any CPU
		{722FD0F7-7D84-49B6-8461-7BBC1A514A90}.Ad-Hoc|Any CPU.ActiveCfg = Release|Any CPU
		{722FD0F7-7D84-49B6-8461-7BBC1A514A90}.Ad-Hoc|Any CPU.Build.0 = Release|Any CPU
		{722FD0F7-7D84-49B6-8461-7BBC1A514A90}.Ad-Hoc|ARM.ActiveCfg = Release|Any CPU
		{722FD0F7-7D84-49B6-8461-7BBC1A514A90}.Ad-Hoc|ARM.Build.0 = Release|Any CPU
		{722FD0F7-7D84-49B6-8461-7BBC1A514A90}.Ad-Hoc|iPhone.ActiveCfg = Release|Any CPU
		{722FD0F7-7D84-49B6-8461-7BBC1A514A90}.Ad-Hoc|iPhone.Build.0 = Release|Any CPU
		{722FD0F7-7D84-49B6-8461-7BBC1A514A90}.Ad-Hoc|iPhoneSimulator.ActiveCfg = Release|Any CPU
		{722FD0F7-7D84-49B6-8461-7BBC1A514A90}.Ad-Hoc|iPhoneSimulator.Build.0 = Release|Any CPU
		{722FD0F7-7D84-49B6-8461-7BBC1A514A90}.Ad-Hoc|x64.ActiveCfg = Release|Any CPU
		{722FD0F7-7D84-49B6-8461-7BBC1A514A90}.Ad-Hoc|x64.Build.0 = Release|Any CPU
		{722FD0F7-7D84-49B6-8461-7BBC1A514A90}.Ad-Hoc|x86.ActiveCfg = Release|Any CPU
		{722FD0F7-7D84-49B6-8461-7BBC1A514A90}.Ad-Hoc|x86.Build.0 = Release|Any CPU
		{722FD0F7-7D84-49B6-8461-7BBC1A514A90}.AppStore|Any CPU.ActiveCfg = Release|Any CPU
		{722FD0F7-7D84-49B6-8461-7BBC1A514A90}.AppStore|Any CPU.Build.0 = Release|Any CPU
		{722FD0F7-7D84-49B6-8461-7BBC1A514A90}.AppStore|ARM.ActiveCfg = Release|Any CPU
		{722FD0F7-7D84-49B6-8461-7BBC1A514A90}.AppStore|ARM.Build.0 = Release|Any CPU
		{722FD0F7-7D84-49B6-8461-7BBC1A514A90}.AppStore|iPhone.ActiveCfg = Release|Any CPU
		{722FD0F7-7D84-49B6-8461-7BBC1A514A90}.AppStore|iPhone.Build.0 = Release|Any CPU
		{722FD0F7-7D84-49B6-8461-7BBC1A514A90}.AppStore|iPhoneSimulator.ActiveCfg = Release|Any CPU
		{722FD0F7-7D84-49B6-8461-7BBC1A514A90}.AppStore|iPhoneSimulator.Build.0 = Release|Any CPU
		{722FD0F7-7D84-49B6-8461-7BBC1A514A90}.AppStore|x64.ActiveCfg = Release|Any CPU
		{722FD0F7-7D84-49B6-8461-7BBC1A514A90}.AppStore|x64.Build.0 = Release|Any CPU
		{722FD0F7-7D84-49B6-8461-7BBC1A514A90}.AppStore|x86.ActiveCfg = Release|Any CPU
		{722FD0F7-7D84-49B6-8461-7BBC1A514A90}.AppStore|x86.Build.0 = Release|Any CPU
		{722FD0F7-7D84-49B6-8461-7BBC1A514A90}.Debug|Any CPU.ActiveCfg = Debug|Any CPU
		{722FD0F7-7D84-49B6-8461-7BBC1A514A90}.Debug|Any CPU.Build.0 = Debug|Any CPU
		{722FD0F7-7D84-49B6-8461-7BBC1A514A90}.Debug|ARM.ActiveCfg = Debug|Any CPU
		{722FD0F7-7D84-49B6-8461-7BBC1A514A90}.Debug|ARM.Build.0 = Debug|Any CPU
		{722FD0F7-7D84-49B6-8461-7BBC1A514A90}.Debug|iPhone.ActiveCfg = Debug|Any CPU
		{722FD0F7-7D84-49B6-8461-7BBC1A514A90}.Debug|iPhone.Build.0 = Debug|Any CPU
		{722FD0F7-7D84-49B6-8461-7BBC1A514A90}.Debug|iPhoneSimulator.ActiveCfg = Debug|Any CPU
		{722FD0F7-7D84-49B6-8461-7BBC1A514A90}.Debug|iPhoneSimulator.Build.0 = Debug|Any CPU
		{722FD0F7-7D84-49B6-8461-7BBC1A514A90}.Debug|x64.ActiveCfg = Debug|Any CPU
		{722FD0F7-7D84-49B6-8461-7BBC1A514A90}.Debug|x64.Build.0 = Debug|Any CPU
		{722FD0F7-7D84-49B6-8461-7BBC1A514A90}.Debug|x86.ActiveCfg = Debug|Any CPU
		{722FD0F7-7D84-49B6-8461-7BBC1A514A90}.Debug|x86.Build.0 = Debug|Any CPU
		{722FD0F7-7D84-49B6-8461-7BBC1A514A90}.Release|Any CPU.ActiveCfg = Release|Any CPU
		{722FD0F7-7D84-49B6-8461-7BBC1A514A90}.Release|Any CPU.Build.0 = Release|Any CPU
		{722FD0F7-7D84-49B6-8461-7BBC1A514A90}.Release|ARM.ActiveCfg = Release|Any CPU
		{722FD0F7-7D84-49B6-8461-7BBC1A514A90}.Release|ARM.Build.0 = Release|Any CPU
		{722FD0F7-7D84-49B6-8461-7BBC1A514A90}.Release|iPhone.ActiveCfg = Release|Any CPU
		{722FD0F7-7D84-49B6-8461-7BBC1A514A90}.Release|iPhone.Build.0 = Release|Any CPU
		{722FD0F7-7D84-49B6-8461-7BBC1A514A90}.Release|iPhoneSimulator.ActiveCfg = Release|Any CPU
		{722FD0F7-7D84-49B6-8461-7BBC1A514A90}.Release|iPhoneSimulator.Build.0 = Release|Any CPU
		{722FD0F7-7D84-49B6-8461-7BBC1A514A90}.Release|x64.ActiveCfg = Release|Any CPU
		{722FD0F7-7D84-49B6-8461-7BBC1A514A90}.Release|x64.Build.0 = Release|Any CPU
		{722FD0F7-7D84-49B6-8461-7BBC1A514A90}.Release|x86.ActiveCfg = Release|Any CPU
		{722FD0F7-7D84-49B6-8461-7BBC1A514A90}.Release|x86.Build.0 = Release|Any CPU
	EndGlobalSection
	GlobalSection(SolutionProperties) = preSolution
		HideSolutionNode = FALSE
	EndGlobalSection
EndGlobal
